
Microsoft Visual Studio Solution File, Format Version 12.00
# Visual Studio Version 17
VisualStudioVersion = 17.8.34330.188
MinimumVisualStudioVersion = 10.0.40219.1
Project("{9A19103F-16F7-4668-BE54-9A1E7A4F7556}") = "FaceRecognitionMAUI", "FaceRecognitionMAUI\FaceRecognitionMAUI.csproj", "{F23318EF-31B5-4763-8131-F209FF23DEFE}"
EndProject
Global
	GlobalSection(SolutionConfigurationPlatforms) = preSolution
		Debug|Any CPU = Debug|Any CPU
		Release|Any CPU = Release|Any CPU
	EndGlobalSection
	GlobalSection(ProjectConfigurationPlatforms) = postSolution
		{F23318EF-31B5-4763-8131-F209FF23DEFE}.Debug|Any CPU.ActiveCfg = Debug|Any CPU
		{F23318EF-31B5-4763-8131-F209FF23DEFE}.Debug|Any CPU.Build.0 = Debug|Any CPU
		{F23318EF-31B5-4763-8131-F209FF23DEFE}.Debug|Any CPU.Deploy.0 = Debug|Any CPU
		{F23318EF-31B5-4763-8131-F209FF23DEFE}.Release|Any CPU.ActiveCfg = Release|Any CPU
		{F23318EF-31B5-4763-8131-F209FF23DEFE}.Release|Any CPU.Build.0 = Release|Any CPU
		{F23318EF-31B5-4763-8131-F209FF23DEFE}.Release|Any CPU.Deploy.0 = Release|Any CPU
	EndGlobalSection
	GlobalSection(SolutionProperties) = preSolution
		HideSolutionNode = FALSE
	EndGlobalSection
	GlobalSection(ExtensibilityGlobals) = postSolution
		SolutionGuid = {044A021B-236A-4203-881E-DEAAE316C333}
	EndGlobalSection
EndGlobal
